
Microsoft Visual Studio Solution File, Format Version 12.00
# Visual Studio 2013
VisualStudioVersion = 12.0.40629.0
MinimumVisualStudioVersion = 10.0.40219.1
Project("{FAE04EC0-301F-11D3-BF4B-00C04F79EFBC}") = "SkypeBox", "SkypeBox\SkypeBox.csproj", "{5E5EEFFF-36F9-40F0-8F1F-3735CFC70CF3}"
EndProject
Project("{FAE04EC0-301F-11D3-BF4B-00C04F79EFBC}") = "MonoConsole", "MonoConsole\MonoConsole.csproj", "{5F901D22-9FB2-4D16-9E35-EDB612C13323}"
EndProject
Project("{FAE04EC0-301F-11D3-BF4B-00C04F79EFBC}") = "MonoForm", "MonoForm\MonoForm.csproj", "{9C133FCB-F856-4FA6-9EE8-08445B37682C}"
EndProject
Global
	GlobalSection(SolutionConfigurationPlatforms) = preSolution
		Debug|Any CPU = Debug|Any CPU
		Release|Any CPU = Release|Any CPU
	EndGlobalSection
	GlobalSection(ProjectConfigurationPlatforms) = postSolution
		{5E5EEFFF-36F9-40F0-8F1F-3735CFC70CF3}.Debug|Any CPU.ActiveCfg = Debug|Any CPU
		{5E5EEFFF-36F9-40F0-8F1F-3735CFC70CF3}.Debug|Any CPU.Build.0 = Debug|Any CPU
		{5E5EEFFF-36F9-40F0-8F1F-3735CFC70CF3}.Release|Any CPU.ActiveCfg = Release|Any CPU
		{5E5EEFFF-36F9-40F0-8F1F-3735CFC70CF3}.Release|Any CPU.Build.0 = Release|Any CPU
		{5F901D22-9FB2-4D16-9E35-EDB612C13323}.Debug|Any CPU.ActiveCfg = Debug|Any CPU
		{5F901D22-9FB2-4D16-9E35-EDB612C13323}.Debug|Any CPU.Build.0 = Debug|Any CPU
		{5F901D22-9FB2-4D16-9E35-EDB612C13323}.Release|Any CPU.ActiveCfg = Release|Any CPU
		{5F901D22-9FB2-4D16-9E35-EDB612C13323}.Release|Any CPU.Build.0 = Release|Any CPU
		{9C133FCB-F856-4FA6-9EE8-08445B37682C}.Debug|Any CPU.ActiveCfg = Debug|Any CPU
		{9C133FCB-F856-4FA6-9EE8-08445B37682C}.Debug|Any CPU.Build.0 = Debug|Any CPU
		{9C133FCB-F856-4FA6-9EE8-08445B37682C}.Release|Any CPU.ActiveCfg = Release|Any CPU
		{9C133FCB-F856-4FA6-9EE8-08445B37682C}.Release|Any CPU.Build.0 = Release|Any CPU
	EndGlobalSection
	GlobalSection(SolutionProperties) = preSolution
		HideSolutionNode = FALSE
	EndGlobalSection
EndGlobal
